
Microsoft Visual Studio Solution File, Format Version 12.00
# Visual Studio Version 16
VisualStudioVersion = 16.0.30611.23
MinimumVisualStudioVersion = 10.0.40219.1
Project("{2150E333-8FDC-42A3-9474-1A3956D46DE8}") = "src", "src", "{1E47ED85-D125-4CD5-9F7F-EF4F13A5421D}"
EndProject
Project("{2150E333-8FDC-42A3-9474-1A3956D46DE8}") = "tests", "tests", "{1013573E-9A60-4401-B718-A60B69844AC3}"
EndProject
Project("{FAE04EC0-301F-11D3-BF4B-00C04F79EFBC}") = "EAuction.Core", "src\EAuction.Core\EAuction.Core.csproj", "{1DDF1A72-1630-4304-9278-4983ECAAB4DA}"
EndProject
Global
	GlobalSection(SolutionConfigurationPlatforms) = preSolution
		Debug|Any CPU = Debug|Any CPU
		Release|Any CPU = Release|Any CPU
	EndGlobalSection
	GlobalSection(ProjectConfigurationPlatforms) = postSolution
		{1DDF1A72-1630-4304-9278-4983ECAAB4DA}.Debug|Any CPU.ActiveCfg = Debug|Any CPU
		{1DDF1A72-1630-4304-9278-4983ECAAB4DA}.Debug|Any CPU.Build.0 = Debug|Any CPU
		{1DDF1A72-1630-4304-9278-4983ECAAB4DA}.Release|Any CPU.ActiveCfg = Release|Any CPU
		{1DDF1A72-1630-4304-9278-4983ECAAB4DA}.Release|Any CPU.Build.0 = Release|Any CPU
	EndGlobalSection
	GlobalSection(SolutionProperties) = preSolution
		HideSolutionNode = FALSE
	EndGlobalSection
	GlobalSection(NestedProjects) = preSolution
		{1DDF1A72-1630-4304-9278-4983ECAAB4DA} = {1E47ED85-D125-4CD5-9F7F-EF4F13A5421D}
	EndGlobalSection
	GlobalSection(ExtensibilityGlobals) = postSolution
		SolutionGuid = {C4EB04FF-E2D8-4A7E-8610-28481EDD3320}
	EndGlobalSection
EndGlobal
